
Microsoft Visual Studio Solution File, Format Version 12.00
# Visual Studio Version 17
VisualStudioVersion = 17.0.31903.59
MinimumVisualStudioVersion = 10.0.40219.1
Project("{F184B08F-C81C-45F6-A57F-5ABD9991F28F}") = "MonoGameStartKitVB.Core", "MonoGameStartKitVB.Core\MonoGameStartKitVB.Core.vbproj", "{640BE6B2-252D-464E-8770-A2AABD97E451}"
EndProject
Project("{FAE04EC0-301F-11D3-BF4B-00C04F79EFBC}") = "MonoGameStartKitVB.WindowsDX", "MonoGameStartKitVB.WindowsDX\MonoGameStartKitVB.WindowsDX.csproj", "{4F1301F1-3C94-42C5-8DA1-22EDCB9788A2}"
EndProject
Project("{FAE04EC0-301F-11D3-BF4B-00C04F79EFBC}") = "MonoGameStartKitVB.DesktopGL", "MonoGameStartKitVB.DesktopGL\MonoGameStartKitVB.DesktopGL.csproj", "{D0E52182-E398-4AD6-8C17-9E12D384FADE}"
EndProject
Project("{FAE04EC0-301F-11D3-BF4B-00C04F79EFBC}") = "MonoGameStartKitVB.Android", "MonoGameStartKitVB.Android\MonoGameStartKitVB.Android.csproj", "{3271C6F2-7F48-4C06-915E-C368814FC60E}"
EndProject
Project("{FAE04EC0-301F-11D3-BF4B-00C04F79EFBC}") = "MonoGameStartKitVB.iOS", "MonoGameStartKitVB.iOS\MonoGameStartKitVB.iOS.csproj", "{204456F2-2157-4E46-99B5-3A7471561BCA}"
EndProject
Global
	GlobalSection(SolutionConfigurationPlatforms) = preSolution
		Debug|Any CPU = Debug|Any CPU
		Debug|x64 = Debug|x64
		Debug|x86 = Debug|x86
		Release|Any CPU = Release|Any CPU
		Release|x64 = Release|x64
		Release|x86 = Release|x86
	EndGlobalSection
	GlobalSection(ProjectConfigurationPlatforms) = postSolution
		{640BE6B2-252D-464E-8770-A2AABD97E451}.Debug|Any CPU.ActiveCfg = Debug|Any CPU
		{640BE6B2-252D-464E-8770-A2AABD97E451}.Debug|Any CPU.Build.0 = Debug|Any CPU
		{640BE6B2-252D-464E-8770-A2AABD97E451}.Debug|x64.ActiveCfg = Debug|Any CPU
		{640BE6B2-252D-464E-8770-A2AABD97E451}.Debug|x64.Build.0 = Debug|Any CPU
		{640BE6B2-252D-464E-8770-A2AABD97E451}.Debug|x86.ActiveCfg = Debug|Any CPU
		{640BE6B2-252D-464E-8770-A2AABD97E451}.Debug|x86.Build.0 = Debug|Any CPU
		{640BE6B2-252D-464E-8770-A2AABD97E451}.Release|Any CPU.ActiveCfg = Release|Any CPU
		{640BE6B2-252D-464E-8770-A2AABD97E451}.Release|Any CPU.Build.0 = Release|Any CPU
		{640BE6B2-252D-464E-8770-A2AABD97E451}.Release|x64.ActiveCfg = Release|Any CPU
		{640BE6B2-252D-464E-8770-A2AABD97E451}.Release|x64.Build.0 = Release|Any CPU
		{640BE6B2-252D-464E-8770-A2AABD97E451}.Release|x86.ActiveCfg = Release|Any CPU
		{640BE6B2-252D-464E-8770-A2AABD97E451}.Release|x86.Build.0 = Release|Any CPU
		{4F1301F1-3C94-42C5-8DA1-22EDCB9788A2}.Debug|Any CPU.ActiveCfg = Debug|Any CPU
		{4F1301F1-3C94-42C5-8DA1-22EDCB9788A2}.Debug|Any CPU.Build.0 = Debug|Any CPU
		{4F1301F1-3C94-42C5-8DA1-22EDCB9788A2}.Debug|x64.ActiveCfg = Debug|Any CPU
		{4F1301F1-3C94-42C5-8DA1-22EDCB9788A2}.Debug|x64.Build.0 = Debug|Any CPU
		{4F1301F1-3C94-42C5-8DA1-22EDCB9788A2}.Debug|x86.ActiveCfg = Debug|Any CPU
		{4F1301F1-3C94-42C5-8DA1-22EDCB9788A2}.Debug|x86.Build.0 = Debug|Any CPU
		{4F1301F1-3C94-42C5-8DA1-22EDCB9788A2}.Release|Any CPU.ActiveCfg = Release|Any CPU
		{4F1301F1-3C94-42C5-8DA1-22EDCB9788A2}.Release|Any CPU.Build.0 = Release|Any CPU
		{4F1301F1-3C94-42C5-8DA1-22EDCB9788A2}.Release|x64.ActiveCfg = Release|Any CPU
		{4F1301F1-3C94-42C5-8DA1-22EDCB9788A2}.Release|x64.Build.0 = Release|Any CPU
		{4F1301F1-3C94-42C5-8DA1-22EDCB9788A2}.Release|x86.ActiveCfg = Release|Any CPU
		{4F1301F1-3C94-42C5-8DA1-22EDCB9788A2}.Release|x86.Build.0 = Release|Any CPU
		{D0E52182-E398-4AD6-8C17-9E12D384FADE}.Debug|Any CPU.ActiveCfg = Debug|Any CPU
		{D0E52182-E398-4AD6-8C17-9E12D384FADE}.Debug|Any CPU.Build.0 = Debug|Any CPU
		{D0E52182-E398-4AD6-8C17-9E12D384FADE}.Debug|x64.ActiveCfg = Debug|Any CPU
		{D0E52182-E398-4AD6-8C17-9E12D384FADE}.Debug|x64.Build.0 = Debug|Any CPU
		{D0E52182-E398-4AD6-8C17-9E12D384FADE}.Debug|x86.ActiveCfg = Debug|Any CPU
		{D0E52182-E398-4AD6-8C17-9E12D384FADE}.Debug|x86.Build.0 = Debug|Any CPU
		{D0E52182-E398-4AD6-8C17-9E12D384FADE}.Release|Any CPU.ActiveCfg = Release|Any CPU
		{D0E52182-E398-4AD6-8C17-9E12D384FADE}.Release|Any CPU.Build.0 = Release|Any CPU
		{D0E52182-E398-4AD6-8C17-9E12D384FADE}.Release|x64.ActiveCfg = Release|Any CPU
		{D0E52182-E398-4AD6-8C17-9E12D384FADE}.Release|x64.Build.0 = Release|Any CPU
		{D0E52182-E398-4AD6-8C17-9E12D384FADE}.Release|x86.ActiveCfg = Release|Any CPU
		{D0E52182-E398-4AD6-8C17-9E12D384FADE}.Release|x86.Build.0 = Release|Any CPU
		{3271C6F2-7F48-4C06-915E-C368814FC60E}.Debug|Any CPU.ActiveCfg = Debug|Any CPU
		{3271C6F2-7F48-4C06-915E-C368814FC60E}.Debug|Any CPU.Build.0 = Debug|Any CPU
		{3271C6F2-7F48-4C06-915E-C368814FC60E}.Debug|x64.ActiveCfg = Debug|Any CPU
		{3271C6F2-7F48-4C06-915E-C368814FC60E}.Debug|x64.Build.0 = Debug|Any CPU
		{3271C6F2-7F48-4C06-915E-C368814FC60E}.Debug|x86.ActiveCfg = Debug|Any CPU
		{3271C6F2-7F48-4C06-915E-C368814FC60E}.Debug|x86.Build.0 = Debug|Any CPU
		{3271C6F2-7F48-4C06-915E-C368814FC60E}.Release|Any CPU.ActiveCfg = Release|Any CPU
		{3271C6F2-7F48-4C06-915E-C368814FC60E}.Release|Any CPU.Build.0 = Release|Any CPU
		{3271C6F2-7F48-4C06-915E-C368814FC60E}.Release|x64.ActiveCfg = Release|Any CPU
		{3271C6F2-7F48-4C06-915E-C368814FC60E}.Release|x64.Build.0 = Release|Any CPU
		{3271C6F2-7F48-4C06-915E-C368814FC60E}.Release|x86.ActiveCfg = Release|Any CPU
		{3271C6F2-7F48-4C06-915E-C368814FC60E}.Release|x86.Build.0 = Release|Any CPU
		{204456F2-2157-4E46-99B5-3A7471561BCA}.Debug|Any CPU.ActiveCfg = Debug|Any CPU
		{204456F2-2157-4E46-99B5-3A7471561BCA}.Debug|Any CPU.Build.0 = Debug|Any CPU
		{204456F2-2157-4E46-99B5-3A7471561BCA}.Debug|x64.ActiveCfg = Debug|Any CPU
		{204456F2-2157-4E46-99B5-3A7471561BCA}.Debug|x64.Build.0 = Debug|Any CPU
		{204456F2-2157-4E46-99B5-3A7471561BCA}.Debug|x86.ActiveCfg = Debug|Any CPU
		{204456F2-2157-4E46-99B5-3A7471561BCA}.Debug|x86.Build.0 = Debug|Any CPU
		{204456F2-2157-4E46-99B5-3A7471561BCA}.Release|Any CPU.ActiveCfg = Release|Any CPU
		{204456F2-2157-4E46-99B5-3A7471561BCA}.Release|Any CPU.Build.0 = Release|Any CPU
		{204456F2-2157-4E46-99B5-3A7471561BCA}.Release|x64.ActiveCfg = Release|Any CPU
		{204456F2-2157-4E46-99B5-3A7471561BCA}.Release|x64.Build.0 = Release|Any CPU
		{204456F2-2157-4E46-99B5-3A7471561BCA}.Release|x86.ActiveCfg = Release|Any CPU
		{204456F2-2157-4E46-99B5-3A7471561BCA}.Release|x86.Build.0 = Release|Any CPU
	EndGlobalSection
	GlobalSection(SolutionProperties) = preSolution
		HideSolutionNode = FALSE
	EndGlobalSection
EndGlobal
